<?xml version="1.0" encoding="utf-8"?>
<Project ToolsVersion="4.0" xmlns="http://schemas.microsoft.com/developer/msbuild/2003">
  <ItemGroup>
    <Filter Include="audio">
      <UniqueIdentifier>{50c0396e-efee-4c12-987b-b8304d2ca690}</UniqueIdentifier>
    </Filter>
    <Filter Include="utils">
      <UniqueIdentifier>{de8c6110-cc4b-49d5-9657-98a454ee4fd7}</UniqueIdentifier>
    </Filter>
  </ItemGroup>
  <ItemGroup>
    <ClCompile Include="audio_cupture.cpp">
      <Filter>audio</Filter>
    </ClCompile>
  </ItemGroup>
  <ItemGroup>
    <ClInclude Include="audio_cupture.h">
      <Filter>audio</Filter>
    </ClInclude>
    <ClInclude Include="config.h">
      <Filter>utils</Filter>
    </ClInclude>
  </ItemGroup>
</Project>