
Microsoft Visual Studio Solution File, Format Version 12.00
# Visual Studio Version 17
VisualStudioVersion = 17.14.36327.8 d17.14
MinimumVisualStudioVersion = 10.0.40219.1
Project("{8BC9CEB8-8B4A-11D0-8D11-00A0C91BC942}") = "Music_Vertulasier", "Music_Vertulasier\Music_Vertulasier.vcxproj", "{39A4B6B4-51C3-8100-B387-59E7F3B7E0F9}"
EndProject
Global
	GlobalSection(SolutionConfigurationPlatforms) = preSolution
		Debug|x64 = Debug|x64
		Release|x64 = Release|x64
	EndGlobalSection
	GlobalSection(ProjectConfigurationPlatforms) = postSolution
		{39A4B6B4-51C3-8100-B387-59E7F3B7E0F9}.Debug|x64.ActiveCfg = Debug|x64
		{39A4B6B4-51C3-8100-B387-59E7F3B7E0F9}.Debug|x64.Build.0 = Debug|x64
		{39A4B6B4-51C3-8100-B387-59E7F3B7E0F9}.Release|x64.ActiveCfg = Release|x64
		{39A4B6B4-51C3-8100-B387-59E7F3B7E0F9}.Release|x64.Build.0 = Release|x64
	EndGlobalSection
	GlobalSection(SolutionProperties) = preSolution
		HideSolutionNode = FALSE
	EndGlobalSection
	GlobalSection(ExtensibilityGlobals) = postSolution
		SolutionGuid = {8B984381-4B8D-4F1D-9926-42900D7A610A}
	EndGlobalSection
EndGlobal
